// !$*UTF8*$!
{
	archiveVersion = 1;
	classes = {
	};
	objectVersion = 50;
	objects = {

/* Begin PBXBuildFile section */
		F13990B321FF3E9600051885 /* AppDelegate.swift in Sources */ = {isa = PBXBuildFile; fileRef = F13990B221FF3E9600051885 /* AppDelegate.swift */; };
		F13990B521FF3E9600051885 /* ConcentrationViewController.swift in Sources */ = {isa = PBXBuildFile; fileRef = F13990B421FF3E9600051885 /* ConcentrationViewController.swift */; };
		F13990B821FF3E9600051885 /* Main.storyboard in Resources */ = {isa = PBXBuildFile; fileRef = F13990B621FF3E9600051885 /* Main.storyboard */; };
		F13990BA21FF3E9700051885 /* Assets.xcassets in Resources */ = {isa = PBXBuildFile; fileRef = F13990B921FF3E9700051885 /* Assets.xcassets */; };
		F13990BD21FF3E9700051885 /* LaunchScreen.storyboard in Resources */ = {isa = PBXBuildFile; fileRef = F13990BB21FF3E9700051885 /* LaunchScreen.storyboard */; };
		F176420F2212FC96003A5EB5 /* ConcentrationThemeViewController.swift in Sources */ = {isa = PBXBuildFile; fileRef = F176420E2212FC96003A5EB5 /* ConcentrationThemeViewController.swift */; };
		F1A9469B220354BA0051D338 /* Concentration.swift in Sources */ = {isa = PBXBuildFile; fileRef = F1A9469A220354BA0051D338 /* Concentration.swift */; };
		F1A9469D220355680051D338 /* Card.swift in Sources */ = {isa = PBXBuildFile; fileRef = F1A9469C220355680051D338 /* Card.swift */; };
/* End PBXBuildFile section */

/* Begin PBXFileReference section */
		F13990AF21FF3E9600051885 /* Concentration.app */ = {isa = PBXFileReference; explicitFileType = wrapper.application; includeInIndex = 0; path = Concentration.app; sourceTree = BUILT_PRODUCTS_DIR; };
		F13990B221FF3E9600051885 /* AppDelegate.swift */ = {isa = PBXFileReference; lastKnownFileType = sourcecode.swift; path = AppDelegate.swift; sourceTree = "<group>"; };
		F13990B421FF3E9600051885 /* ConcentrationViewController.swift */ = {isa = PBXFileReference; lastKnownFileType = sourcecode.swift; path = ConcentrationViewController.swift; sourceTree = "<group>"; };
		F13990B721FF3E9600051885 /* Base */ = {isa = PBXFileReference; lastKnownFileType = file.storyboard; name = Base; path = Base.lproj/Main.storyboard; sourceTree = "<group>"; };
		F13990B921FF3E9700051885 /* Assets.xcassets */ = {isa = PBXFileReference; lastKnownFileType = folder.assetcatalog; path = Assets.xcassets; sourceTree = "<group>"; };
		F13990BC21FF3E9700051885 /* Base */ = {isa = PBXFileReference; lastKnownFileType = file.storyboard; name = Base; path = Base.lproj/LaunchScreen.storyboard; sourceTree = "<group>"; };
		F13990BE21FF3E9700051885 /* Info.plist */ = {isa = PBXFileReference; lastKnownFileType = text.plist.xml; path = Info.plist; sourceTree = "<group>"; };
		F176420E2212FC96003A5EB5 /* ConcentrationThemeViewController.swift */ = {isa = PBXFileReference; lastKnownFileType = sourcecode.swift; path = ConcentrationThemeViewController.swift; sourceTree = "<group>"; };
		F1A9469A220354BA0051D338 /* Concentration.swift */ = {isa = PBXFileReference; lastKnownFileType = sourcecode.swift; name = Concentration.swift; path = Model/Concentration.swift; sourceTree = "<group>"; };
		F1A9469C220355680051D338 /* Card.swift */ = {isa = PBXFileReference; lastKnownFileType = sourcecode.swift; path = Card.swift; sourceTree = "<group>"; };
/* End PBXFileReference section */

/* Begin PBXFrameworksBuildPhase section */
		F13990AC21FF3E9600051885 /* Frameworks */ = {
			isa = PBXFrameworksBuildPhase;
			buildActionMask = 2147483647;
			files = (
			);
			runOnlyForDeploymentPostprocessing = 0;
		};
/* End PBXFrameworksBuildPhase section */

/* Begin PBXGroup section */
		F13990A621FF3E9600051885 = {
			isa = PBXGroup;
			children = (
				F13990B121FF3E9600051885 /* Concentration */,
				F13990B021FF3E9600051885 /* Products */,
			);
			sourceTree = "<group>";
		};
		F13990B021FF3E9600051885 /* Products */ = {
			isa = PBXGroup;
			children = (
				F13990AF21FF3E9600051885 /* Concentration.app */,
			);
			name = Products;
			sourceTree = "<group>";
		};
		F13990B121FF3E9600051885 /* Concentration */ = {
			isa = PBXGroup;
			children = (
				F13990C421FF420400051885 /* Supporting Files */,
				F13990B421FF3E9600051885 /* ConcentrationViewController.swift */,
				F176420E2212FC96003A5EB5 /* ConcentrationThemeViewController.swift */,
				F13990B621FF3E9600051885 /* Main.storyboard */,
				F1A9469A220354BA0051D338 /* Concentration.swift */,
				F1A9469C220355680051D338 /* Card.swift */,
				F13990BE21FF3E9700051885 /* Info.plist */,
			);
			path = Concentration;
			sourceTree = "<group>";
		};
		F13990C421FF420400051885 /* Supporting Files */ = {
			isa = PBXGroup;
			children = (
				F13990B221FF3E9600051885 /* AppDelegate.swift */,
				F13990B921FF3E9700051885 /* Assets.xcassets */,
				F13990BB21FF3E9700051885 /* LaunchScreen.storyboard */,
			);
			path = "Supporting Files";
			sourceTree = "<group>";
		};
/* End PBXGroup section */

/* Begin PBXNativeTarget section */
		F13990AE21FF3E9600051885 /* Concentration */ = {
			isa = PBXNativeTarget;
			buildConfigurationList = F13990C121FF3E9700051885 /* Build configuration list for PBXNativeTarget "Concentration" */;
			buildPhases = (
				F13990AB21FF3E9600051885 /* Sources */,
				F13990AC21FF3E9600051885 /* Frameworks */,
				F13990AD21FF3E9600051885 /* Resources */,
			);
			buildRules = (
			);
			dependencies = (
			);
			name = Concentration;
			productName = Concentration;
			productReference = F13990AF21FF3E9600051885 /* Concentration.app */;
			productType = "com.apple.product-type.application";
		};
/* End PBXNativeTarget section */

/* Begin PBXProject section */
		F13990A721FF3E9600051885 /* Project object */ = {
			isa = PBXProject;
			attributes = {
				LastSwiftUpdateCheck = 1010;
				LastUpgradeCheck = 1010;
				ORGANIZATIONNAME = "Yungdrung Gyaltsen";
				TargetAttributes = {
					F13990AE21FF3E9600051885 = {
						CreatedOnToolsVersion = 10.1;
					};
				};
			};
			buildConfigurationList = F13990AA21FF3E9600051885 /* Build configuration list for PBXProject "Concentration" */;
			compatibilityVersion = "Xcode 9.3";
			developmentRegion = en;
			hasScannedForEncodings = 0;
			knownRegions = (
				en,
				Base,
			);
			mainGroup = F13990A621FF3E9600051885;
			productRefGroup = F13990B021FF3E9600051885 /* Products */;
			projectDirPath = "";
			projectRoot = "";
			targets = (
				F13990AE21FF3E9600051885 /* Concentration */,
			);
		};
/* End PBXProject section */

/* Begin PBXResourcesBuildPhase section */
		F13990AD21FF3E9600051885 /* Resources */ = {
			isa = PBXResourcesBuildPhase;
			buildActionMask = 2147483647;
			files = (
				F13990BD21FF3E9700051885 /* LaunchScreen.storyboard in Resources */,
				F13990BA21FF3E9700051885 /* Assets.xcassets in Resources */,
				F13990B821FF3E9600051885 /* Main.storyboard in Resources */,
			);
			runOnlyForDeploymentPostprocessing = 0;
		};
/* End PBXResourcesBuildPhase section */

/* Begin PBXSourcesBuildPhase section */
		F13990AB21FF3E9600051885 /* Sources */ = {
			isa = PBXSourcesBuildPhase;
			buildActionMask = 2147483647;
			files = (
				F176420F2212FC96003A5EB5 /* ConcentrationThemeViewController.swift in Sources */,
				F13990B521FF3E9600051885 /* ConcentrationViewController.swift in Sources */,
				F13990B321FF3E9600051885 /* AppDelegate.swift in Sources */,
				F1A9469B220354BA0051D338 /* Concentration.swift in Sources */,
				F1A9469D220355680051D338 /* Card.swift in Sources */,
			);
			runOnlyForDeploymentPostprocessing = 0;
		};
/* End PBXSourcesBuildPhase section */

/* Begin PBXVariantGroup section */
		F13990B621FF3E9600051885 /* Main.storyboard */ = {
			isa = PBXVariantGroup;
			children = (
				F13990B721FF3E9600051885 /* Base */,
			);
			name = Main.storyboard;
			sourceTree = "<group>";
		};
		F13990BB21FF3E9700051885 /* LaunchScreen.storyboard */ = {
			isa = PBXVariantGroup;
			children = (
				F13990BC21FF3E9700051885 /* Base */,
			);
			name = LaunchScreen.storyboard;
			sourceTree = "<group>";
		};
/* End PBXVariantGroup section */

/* Begin XCBuildConfiguration section */
		F13990BF21FF3E9700051885 /* Debug */ = {
			isa = XCBuildConfiguration;
			buildSettings = {
				ALWAYS_SEARCH_USER_PATHS = NO;
				CLANG_ANALYZER_NONNULL = YES;
				CLANG_ANALYZER_NUMBER_OBJECT_CONVERSION = YES_AGGRESSIVE;
				CLANG_CXX_LANGUAGE_STANDARD = "gnu++14";
				CLANG_CXX_LIBRARY = "libc++";
				CLANG_ENABLE_MODULES = YES;
				CLANG_ENABLE_OBJC_ARC = YES;
				CLANG_ENABLE_OBJC_WEAK = YES;
				CLANG_WARN_BLOCK_CAPTURE_AUTORELEASING = YES;
				CLANG_WARN_BOOL_CONVERSION = YES;
				CLANG_WARN_COMMA = YES;
				CLANG_WARN_CONSTANT_CONVERSION = YES;
				CLANG_WARN_DEPRECATED_OBJC_IMPLEMENTATIONS = YES;
				CLANG_WARN_DIRECT_OBJC_ISA_USAGE = YES_ERROR;
				CLANG_WARN_DOCUMENTATION_COMMENTS = YES;
				CLANG_WARN_EMPTY_BODY = YES;
				CLANG_WARN_ENUM_CONVERSION = YES;
				CLANG_WARN_INFINITE_RECURSION = YES;
				CLANG_WARN_INT_CONVERSION = YES;
				CLANG_WARN_NON_LITERAL_NULL_CONVERSION = YES;
				CLANG_WARN_OBJC_IMPLICIT_RETAIN_SELF = YES;
				CLANG_WARN_OBJC_LITERAL_CONVERSION = YES;
				CLANG_WARN_OBJC_ROOT_CLASS = YES_ERROR;
				CLANG_WARN_RANGE_LOOP_ANALYSIS = YES;
				CLANG_WARN_STRICT_PROTOTYPES = YES;
				CLANG_WARN_SUSPICIOUS_MOVE = YES;
				CLANG_WARN_UNGUARDED_AVAILABILITY = YES_AGGRESSIVE;
				CLANG_WARN_UNREACHABLE_CODE = YES;
				CLANG_WARN__DUPLICATE_METHOD_MATCH = YES;
				CODE_SIGN_IDENTITY = "iPhone Developer";
				COPY_PHASE_STRIP = NO;
				DEBUG_INFORMATION_FORMAT = dwarf;
				ENABLE_STRICT_OBJC_MSGSEND = YES;
				ENABLE_TESTABILITY = YES;
				GCC_C_LANGUAGE_STANDARD = gnu11;
				GCC_DYNAMIC_NO_PIC = NO;
				GCC_NO_COMMON_BLOCKS = YES;
				GCC_OPTIMIZATION_LEVEL = 0;
				GCC_PREPROCESSOR_DEFINITIONS = (
					"DEBUG=1",
					"$(inherited)",
				);
				GCC_WARN_64_TO_32_BIT_CONVERSION = YES;
				GCC_WARN_ABOUT_RETURN_TYPE = YES_ERROR;
				GCC_WARN_UNDECLARED_SELECTOR = YES;
				GCC_WARN_UNINITIALIZED_AUTOS = YES_AGGRESSIVE;
				GCC_WARN_UNUSED_FUNCTION = YES;
				GCC_WARN_UNUSED_VARIABLE = YES;
				IPHONEOS_DEPLOYMENT_TARGET = 12.1;
				MTL_ENABLE_DEBUG_INFO = INCLUDE_SOURCE;
				MTL_FAST_MATH = YES;
				ONLY_ACTIVE_ARCH = YES;
				SDKROOT = iphoneos;
				SWIFT_ACTIVE_COMPILATION_CONDITIONS = DEBUG;
				SWIFT_OPTIMIZATION_LEVEL = "-Onone";
			};
			name = Debug;
		};
		F13990C021FF3E9700051885 /* Release */ = {
			isa = XCBuildConfiguration;
			buildSettings = {
				ALWAYS_SEARCH_USER_PATHS = NO;
				CLANG_ANALYZER_NONNULL = YES;
				CLANG_ANALYZER_NUMBER_OBJECT_CONVERSION = YES_AGGRESSIVE;
				CLANG_CXX_LANGUAGE_STANDARD = "gnu++14";
				CLANG_CXX_LIBRARY = "libc++";
				CLANG_ENABLE_MODULES = YES;
				CLANG_ENABLE_OBJC_ARC = YES;
				CLANG_ENABLE_OBJC_WEAK = YES;
				CLANG_WARN_BLOCK_CAPTURE_AUTORELEASING = YES;
				CLANG_WARN_BOOL_CONVERSION = YES;
				CLANG_WARN_COMMA = YES;
				CLANG_WARN_CONSTANT_CONVERSION = YES;
				CLANG_WARN_DEPRECATED_OBJC_IMPLEMENTATIONS = YES;
				CLANG_WARN_DIRECT_OBJC_ISA_USAGE = YES_ERROR;
				CLANG_WARN_DOCUMENTATION_COMMENTS = YES;
				CLANG_WARN_EMPTY_BODY = YES;
				CLANG_WARN_ENUM_CONVERSION = YES;
				CLANG_WARN_INFINITE_RECURSION = YES;
				CLANG_WARN_INT_CONVERSION = YES;
				CLANG_WARN_NON_LITERAL_NULL_CONVERSION = YES;
				CLANG_WARN_OBJC_IMPLICIT_RETAIN_SELF = YES;
				CLANG_WARN_OBJC_LITERAL_CONVERSION = YES;
				CLANG_WARN_OBJC_ROOT_CLASS = YES_ERROR;
				CLANG_WARN_RANGE_LOOP_ANALYSIS = YES;
				CLANG_WARN_STRICT_PROTOTYPES = YES;
				CLANG_WARN_SUSPICIOUS_MOVE = YES;
				CLANG_WARN_UNGUARDED_AVAILABILITY = YES_AGGRESSIVE;
				CLANG_WARN_UNREACHABLE_CODE = YES;
				CLANG_WARN__DUPLICATE_METHOD_MATCH = YES;
				CODE_SIGN_IDENTITY = "iPhone Developer";
				COPY_PHASE_STRIP = NO;
				DEBUG_INFORMATION_FORMAT = "dwarf-with-dsym";
				ENABLE_NS_ASSERTIONS = NO;
				ENABLE_STRICT_OBJC_MSGSEND = YES;
				GCC_C_LANGUAGE_STANDARD = gnu11;
				GCC_NO_COMMON_BLOCKS = YES;
				GCC_WARN_64_TO_32_BIT_CONVERSION = YES;
				GCC_WARN_ABOUT_RETURN_TYPE = YES_ERROR;
				GCC_WARN_UNDECLARED_SELECTOR = YES;
				GCC_WARN_UNINITIALIZED_AUTOS = YES_AGGRESSIVE;
				GCC_WARN_UNUSED_FUNCTION = YES;
				GCC_WARN_UNUSED_VARIABLE = YES;
				IPHONEOS_DEPLOYMENT_TARGET = 12.1;
				MTL_ENABLE_DEBUG_INFO = NO;
				MTL_FAST_MATH = YES;
				SDKROOT = iphoneos;
				SWIFT_COMPILATION_MODE = wholemodule;
				SWIFT_OPTIMIZATION_LEVEL = "-O";
				VALIDATE_PRODUCT = YES;
			};
			name = Release;
		};
		F13990C221FF3E9700051885 /* Debug */ = {
			isa = XCBuildConfiguration;
			buildSettings = {
				ASSETCATALOG_COMPILER_APPICON_NAME = AppIcon;
				CODE_SIGN_STYLE = Automatic;
				DEVELOPMENT_TEAM = XTR8797TLP;
				INFOPLIST_FILE = Concentration/Info.plist;
				LD_RUNPATH_SEARCH_PATHS = (
					"$(inherited)",
					"@executable_path/Frameworks",
				);
				PRODUCT_BUNDLE_IDENTIFIER = com.awemytrip.Concentration;
				PRODUCT_NAME = "$(TARGET_NAME)";
				SWIFT_VERSION = 4.2;
				TARGETED_DEVICE_FAMILY = "1,2";
			};
			name = Debug;
		};
		F13990C321FF3E9700051885 /* Release */ = {
			isa = XCBuildConfiguration;
			buildSettings = {
				ASSETCATALOG_COMPILER_APPICON_NAME = AppIcon;
				CODE_SIGN_STYLE = Automatic;
				DEVELOPMENT_TEAM = XTR8797TLP;
				INFOPLIST_FILE = Concentration/Info.plist;
				LD_RUNPATH_SEARCH_PATHS = (
					"$(inherited)",
					"@executable_path/Frameworks",
				);
				PRODUCT_BUNDLE_IDENTIFIER = com.awemytrip.Concentration;
				PRODUCT_NAME = "$(TARGET_NAME)";
				SWIFT_VERSION = 4.2;
				TARGETED_DEVICE_FAMILY = "1,2";
			};
			name = Release;
		};
/* End XCBuildConfiguration section */

/* Begin XCConfigurationList section */
		F13990AA21FF3E9600051885 /* Build configuration list for PBXProject "Concentration" */ = {
			isa = XCConfigurationList;
			buildConfigurations = (
				F13990BF21FF3E9700051885 /* Debug */,
				F13990C021FF3E9700051885 /* Release */,
			);
			defaultConfigurationIsVisible = 0;
			defaultConfigurationName = Release;
		};
		F13990C121FF3E9700051885 /* Build configuration list for PBXNativeTarget "Concentration" */ = {
			isa = XCConfigurationList;
			buildConfigurations = (
				F13990C221FF3E9700051885 /* Debug */,
				F13990C321FF3E9700051885 /* Release */,
			);
			defaultConfigurationIsVisible = 0;
			defaultConfigurationName = Release;
		};
/* End XCConfigurationList section */
	};
	rootObject = F13990A721FF3E9600051885 /* Project object */;
}
